
Microsoft Visual Studio Solution File, Format Version 12.00
Project("{FAE04EC0-301F-11D3-BF4B-00C04F79EFBC}") = "DualSenseClient.Core", "source\DualSenseClient.Core\DualSenseClient.Core.csproj", "{2E9DEC2F-B58B-4AE5-926A-7D447036E135}"
EndProject
Project("{FAE04EC0-301F-11D3-BF4B-00C04F79EFBC}") = "DualSenseClient.GUI", "source\DualSenseClient.GUI\DualSenseClient.GUI.csproj", "{B24FD927-0C8F-40F1-BAEF-1E343B17FECC}"
EndProject
Project("{FAE04EC0-301F-11D3-BF4B-00C04F79EFBC}") = "DualSenseClient.Logging", "source\DualSenseClient.Logging\DualSenseClient.Logging.csproj", "{B2487733-04A6-4152-90DB-DAE7331FE2A5}"
EndProject
Project("{FAE04EC0-301F-11D3-BF4B-00C04F79EFBC}") = "DualSenseClient.Settings", "source\DualSenseClient.Settings\DualSenseClient.Settings.csproj", "{1EEF3F67-11BF-47DB-98BF-EC8AF6707B13}"
EndProject
Project("{FAE04EC0-301F-11D3-BF4B-00C04F79EFBC}") = "DualSenseClient.Tests", "tests\DualSenseClient.Tests\DualSenseClient.Tests.csproj", "{3664B594-48BF-4A3C-ACC9-7BDD49ACDB68}"
EndProject
Project("{2150E333-8FDC-42A3-9474-1A3956D46DE8}") = "source", "source", "{77A08309-9E5D-4D70-A97A-BC5FFEA55A63}"
EndProject
Project("{2150E333-8FDC-42A3-9474-1A3956D46DE8}") = "tests", "tests", "{7B88A06B-24A1-47BE-8BB5-3BF84BACC183}"
EndProject
Project("{FAE04EC0-301F-11D3-BF4B-00C04F79EFBC}") = "DualSenseClient.Hid", "source\DualSenseClient.Hid\DualSenseClient.Hid.csproj", "{2CE1C687-EA89-4CBE-A4DB-EF05660F2901}"
EndProject
Project("{FAE04EC0-301F-11D3-BF4B-00C04F79EFBC}") = "DualSenseClient.Controllers", "source\DualSenseClient.Controllers\DualSenseClient.Controllers.csproj", "{E8958C1A-FF9D-409A-8ADD-55B6177F94C6}"
EndProject
Project("{FAE04EC0-301F-11D3-BF4B-00C04F79EFBC}") = "DualSenseClient.Bluetooth", "source\DualSenseClient.Bluetooth\DualSenseClient.Bluetooth.csproj", "{A236F4C0-598E-4947-9FF7-F316DEB5D643}"
EndProject
Project("{FAE04EC0-301F-11D3-BF4B-00C04F79EFBC}") = "DualSenseClient.VIIPER", "source\DualSenseClient.VIIPER\DualSenseClient.VIIPER.csproj", "{98667103-1FBF-457B-B9FE-E1609DE0154B}"
EndProject
Project("{FAE04EC0-301F-11D3-BF4B-00C04F79EFBC}") = "DualSenseClient.HidHide", "source\DualSenseClient.HidHide\DualSenseClient.HidHide.csproj", "{E077428C-7EE4-46F1-96EE-8017685980F3}"
EndProject
Global
	GlobalSection(SolutionConfigurationPlatforms) = preSolution
		Debug|Any CPU = Debug|Any CPU
		Release|Any CPU = Release|Any CPU
	EndGlobalSection
	GlobalSection(ProjectConfigurationPlatforms) = postSolution
		{2E9DEC2F-B58B-4AE5-926A-7D447036E135}.Debug|Any CPU.ActiveCfg = Debug|Any CPU
		{2E9DEC2F-B58B-4AE5-926A-7D447036E135}.Debug|Any CPU.Build.0 = Debug|Any CPU
		{2E9DEC2F-B58B-4AE5-926A-7D447036E135}.Release|Any CPU.ActiveCfg = Release|Any CPU
		{2E9DEC2F-B58B-4AE5-926A-7D447036E135}.Release|Any CPU.Build.0 = Release|Any CPU
		{B24FD927-0C8F-40F1-BAEF-1E343B17FECC}.Debug|Any CPU.ActiveCfg = Debug|Any CPU
		{B24FD927-0C8F-40F1-BAEF-1E343B17FECC}.Debug|Any CPU.Build.0 = Debug|Any CPU
		{B24FD927-0C8F-40F1-BAEF-1E343B17FECC}.Release|Any CPU.ActiveCfg = Release|Any CPU
		{B24FD927-0C8F-40F1-BAEF-1E343B17FECC}.Release|Any CPU.Build.0 = Release|Any CPU
		{B2487733-04A6-4152-90DB-DAE7331FE2A5}.Debug|Any CPU.ActiveCfg = Debug|Any CPU
		{B2487733-04A6-4152-90DB-DAE7331FE2A5}.Debug|Any CPU.Build.0 = Debug|Any CPU
		{B2487733-04A6-4152-90DB-DAE7331FE2A5}.Release|Any CPU.ActiveCfg = Release|Any CPU
		{B2487733-04A6-4152-90DB-DAE7331FE2A5}.Release|Any CPU.Build.0 = Release|Any CPU
		{1EEF3F67-11BF-47DB-98BF-EC8AF6707B13}.Debug|Any CPU.ActiveCfg = Debug|Any CPU
		{1EEF3F67-11BF-47DB-98BF-EC8AF6707B13}.Debug|Any CPU.Build.0 = Debug|Any CPU
		{1EEF3F67-11BF-47DB-98BF-EC8AF6707B13}.Release|Any CPU.ActiveCfg = Release|Any CPU
		{1EEF3F67-11BF-47DB-98BF-EC8AF6707B13}.Release|Any CPU.Build.0 = Release|Any CPU
		{3664B594-48BF-4A3C-ACC9-7BDD49ACDB68}.Debug|Any CPU.ActiveCfg = Debug|Any CPU
		{3664B594-48BF-4A3C-ACC9-7BDD49ACDB68}.Debug|Any CPU.Build.0 = Debug|Any CPU
		{3664B594-48BF-4A3C-ACC9-7BDD49ACDB68}.Release|Any CPU.ActiveCfg = Release|Any CPU
		{3664B594-48BF-4A3C-ACC9-7BDD49ACDB68}.Release|Any CPU.Build.0 = Release|Any CPU
		{2CE1C687-EA89-4CBE-A4DB-EF05660F2901}.Debug|Any CPU.ActiveCfg = Debug|Any CPU
		{2CE1C687-EA89-4CBE-A4DB-EF05660F2901}.Debug|Any CPU.Build.0 = Debug|Any CPU
		{2CE1C687-EA89-4CBE-A4DB-EF05660F2901}.Release|Any CPU.ActiveCfg = Release|Any CPU
		{2CE1C687-EA89-4CBE-A4DB-EF05660F2901}.Release|Any CPU.Build.0 = Release|Any CPU
		{E8958C1A-FF9D-409A-8ADD-55B6177F94C6}.Debug|Any CPU.ActiveCfg = Debug|Any CPU
		{E8958C1A-FF9D-409A-8ADD-55B6177F94C6}.Debug|Any CPU.Build.0 = Debug|Any CPU
		{E8958C1A-FF9D-409A-8ADD-55B6177F94C6}.Release|Any CPU.ActiveCfg = Release|Any CPU
		{E8958C1A-FF9D-409A-8ADD-55B6177F94C6}.Release|Any CPU.Build.0 = Release|Any CPU
		{A236F4C0-598E-4947-9FF7-F316DEB5D643}.Debug|Any CPU.ActiveCfg = Debug|Any CPU
		{A236F4C0-598E-4947-9FF7-F316DEB5D643}.Debug|Any CPU.Build.0 = Debug|Any CPU
		{A236F4C0-598E-4947-9FF7-F316DEB5D643}.Release|Any CPU.ActiveCfg = Release|Any CPU
		{A236F4C0-598E-4947-9FF7-F316DEB5D643}.Release|Any CPU.Build.0 = Release|Any CPU
		{98667103-1FBF-457B-B9FE-E1609DE0154B}.Debug|Any CPU.ActiveCfg = Debug|Any CPU
		{98667103-1FBF-457B-B9FE-E1609DE0154B}.Debug|Any CPU.Build.0 = Debug|Any CPU
		{98667103-1FBF-457B-B9FE-E1609DE0154B}.Release|Any CPU.ActiveCfg = Release|Any CPU
		{98667103-1FBF-457B-B9FE-E1609DE0154B}.Release|Any CPU.Build.0 = Release|Any CPU
		{E077428C-7EE4-46F1-96EE-8017685980F3}.Debug|Any CPU.ActiveCfg = Debug|Any CPU
		{E077428C-7EE4-46F1-96EE-8017685980F3}.Debug|Any CPU.Build.0 = Debug|Any CPU
		{E077428C-7EE4-46F1-96EE-8017685980F3}.Release|Any CPU.ActiveCfg = Release|Any CPU
		{E077428C-7EE4-46F1-96EE-8017685980F3}.Release|Any CPU.Build.0 = Release|Any CPU
	EndGlobalSection
	GlobalSection(SolutionProperties) = preSolution
		HideSolutionNode = FALSE
	EndGlobalSection
	GlobalSection(NestedProjects) = preSolution
		{2E9DEC2F-B58B-4AE5-926A-7D447036E135} = {77A08309-9E5D-4D70-A97A-BC5FFEA55A63}
		{B24FD927-0C8F-40F1-BAEF-1E343B17FECC} = {77A08309-9E5D-4D70-A97A-BC5FFEA55A63}
		{B2487733-04A6-4152-90DB-DAE7331FE2A5} = {77A08309-9E5D-4D70-A97A-BC5FFEA55A63}
		{1EEF3F67-11BF-47DB-98BF-EC8AF6707B13} = {77A08309-9E5D-4D70-A97A-BC5FFEA55A63}
		{3664B594-48BF-4A3C-ACC9-7BDD49ACDB68} = {7B88A06B-24A1-47BE-8BB5-3BF84BACC183}
		{2CE1C687-EA89-4CBE-A4DB-EF05660F2901} = {77A08309-9E5D-4D70-A97A-BC5FFEA55A63}
		{E8958C1A-FF9D-409A-8ADD-55B6177F94C6} = {77A08309-9E5D-4D70-A97A-BC5FFEA55A63}
		{A236F4C0-598E-4947-9FF7-F316DEB5D643} = {77A08309-9E5D-4D70-A97A-BC5FFEA55A63}
		{98667103-1FBF-457B-B9FE-E1609DE0154B} = {77A08309-9E5D-4D70-A97A-BC5FFEA55A63}
		{E077428C-7EE4-46F1-96EE-8017685980F3} = {77A08309-9E5D-4D70-A97A-BC5FFEA55A63}
	EndGlobalSection
EndGlobal
